
Microsoft Visual Studio Solution File, Format Version 12.00
# Visual Studio Version 17
VisualStudioVersion = 17.2.32526.322
MinimumVisualStudioVersion = 10.0.40219.1
Project("{8BC9CEB8-8B4A-11D0-8D11-00A0C91BC942}") = "31.第三十一课 continue语句", "31.第三十一课 continue语句\31.第三十一课 continue语句.vcxproj", "{959CF259-69FF-4D0E-ADE1-53FBE1EA5985}"
EndProject
Global
	GlobalSection(SolutionConfigurationPlatforms) = preSolution
		Debug|x64 = Debug|x64
		Debug|x86 = Debug|x86
		Release|x64 = Release|x64
		Release|x86 = Release|x86
	EndGlobalSection
	GlobalSection(ProjectConfigurationPlatforms) = postSolution
		{959CF259-69FF-4D0E-ADE1-53FBE1EA5985}.Debug|x64.ActiveCfg = Debug|x64
		{959CF259-69FF-4D0E-ADE1-53FBE1EA5985}.Debug|x64.Build.0 = Debug|x64
		{959CF259-69FF-4D0E-ADE1-53FBE1EA5985}.Debug|x86.ActiveCfg = Debug|Win32
		{959CF259-69FF-4D0E-ADE1-53FBE1EA5985}.Debug|x86.Build.0 = Debug|Win32
		{959CF259-69FF-4D0E-ADE1-53FBE1EA5985}.Release|x64.ActiveCfg = Release|x64
		{959CF259-69FF-4D0E-ADE1-53FBE1EA5985}.Release|x64.Build.0 = Release|x64
		{959CF259-69FF-4D0E-ADE1-53FBE1EA5985}.Release|x86.ActiveCfg = Release|Win32
		{959CF259-69FF-4D0E-ADE1-53FBE1EA5985}.Release|x86.Build.0 = Release|Win32
	EndGlobalSection
	GlobalSection(SolutionProperties) = preSolution
		HideSolutionNode = FALSE
	EndGlobalSection
	GlobalSection(ExtensibilityGlobals) = postSolution
		SolutionGuid = {A923EF60-B3D4-4FD7-8E0C-E47A7551B8F0}
	EndGlobalSection
EndGlobal
