
Microsoft Visual Studio Solution File, Format Version 12.00
# Visual Studio Version 17
VisualStudioVersion = 17.3.32922.545
MinimumVisualStudioVersion = 10.0.40219.1
Project("{8BC9CEB8-8B4A-11D0-8D11-00A0C91BC942}") = "83.第八十三课 友元类", "83.第八十三课 友元类\83.第八十三课 友元类.vcxproj", "{A5040BF2-C3B1-4819-9D19-59A2AB43C682}"
EndProject
Global
	GlobalSection(SolutionConfigurationPlatforms) = preSolution
		Debug|x64 = Debug|x64
		Debug|x86 = Debug|x86
		Release|x64 = Release|x64
		Release|x86 = Release|x86
	EndGlobalSection
	GlobalSection(ProjectConfigurationPlatforms) = postSolution
		{A5040BF2-C3B1-4819-9D19-59A2AB43C682}.Debug|x64.ActiveCfg = Debug|x64
		{A5040BF2-C3B1-4819-9D19-59A2AB43C682}.Debug|x64.Build.0 = Debug|x64
		{A5040BF2-C3B1-4819-9D19-59A2AB43C682}.Debug|x86.ActiveCfg = Debug|Win32
		{A5040BF2-C3B1-4819-9D19-59A2AB43C682}.Debug|x86.Build.0 = Debug|Win32
		{A5040BF2-C3B1-4819-9D19-59A2AB43C682}.Release|x64.ActiveCfg = Release|x64
		{A5040BF2-C3B1-4819-9D19-59A2AB43C682}.Release|x64.Build.0 = Release|x64
		{A5040BF2-C3B1-4819-9D19-59A2AB43C682}.Release|x86.ActiveCfg = Release|Win32
		{A5040BF2-C3B1-4819-9D19-59A2AB43C682}.Release|x86.Build.0 = Release|Win32
	EndGlobalSection
	GlobalSection(SolutionProperties) = preSolution
		HideSolutionNode = FALSE
	EndGlobalSection
	GlobalSection(ExtensibilityGlobals) = postSolution
		SolutionGuid = {F6746917-99E6-4721-8E59-36F50D8CF48F}
	EndGlobalSection
EndGlobal
