
Microsoft Visual Studio Solution File, Format Version 12.00
# Visual Studio Version 17
VisualStudioVersion = 17.2.32630.192
MinimumVisualStudioVersion = 10.0.40219.1
Project("{8BC9CEB8-8B4A-11D0-8D11-00A0C91BC942}") = "39.第三十九课 二维数组-数组名", "39.第三十九课 二维数组-数组名\39.第三十九课 二维数组-数组名.vcxproj", "{7FB3AA2C-B23D-4AD6-B481-53ADE6F967D0}"
EndProject
Global
	GlobalSection(SolutionConfigurationPlatforms) = preSolution
		Debug|x64 = Debug|x64
		Debug|x86 = Debug|x86
		Release|x64 = Release|x64
		Release|x86 = Release|x86
	EndGlobalSection
	GlobalSection(ProjectConfigurationPlatforms) = postSolution
		{7FB3AA2C-B23D-4AD6-B481-53ADE6F967D0}.Debug|x64.ActiveCfg = Debug|x64
		{7FB3AA2C-B23D-4AD6-B481-53ADE6F967D0}.Debug|x64.Build.0 = Debug|x64
		{7FB3AA2C-B23D-4AD6-B481-53ADE6F967D0}.Debug|x86.ActiveCfg = Debug|Win32
		{7FB3AA2C-B23D-4AD6-B481-53ADE6F967D0}.Debug|x86.Build.0 = Debug|Win32
		{7FB3AA2C-B23D-4AD6-B481-53ADE6F967D0}.Release|x64.ActiveCfg = Release|x64
		{7FB3AA2C-B23D-4AD6-B481-53ADE6F967D0}.Release|x64.Build.0 = Release|x64
		{7FB3AA2C-B23D-4AD6-B481-53ADE6F967D0}.Release|x86.ActiveCfg = Release|Win32
		{7FB3AA2C-B23D-4AD6-B481-53ADE6F967D0}.Release|x86.Build.0 = Release|Win32
	EndGlobalSection
	GlobalSection(SolutionProperties) = preSolution
		HideSolutionNode = FALSE
	EndGlobalSection
	GlobalSection(ExtensibilityGlobals) = postSolution
		SolutionGuid = {863DBAE1-2279-4845-B004-B52BBDAE0660}
	EndGlobalSection
EndGlobal
