
Microsoft Visual Studio Solution File, Format Version 12.00
# Visual Studio Version 17
VisualStudioVersion = 17.2.32526.322
MinimumVisualStudioVersion = 10.0.40219.1
Project("{8BC9CEB8-8B4A-11D0-8D11-00A0C91BC942}") = "20.第二十课 三只小猪称体重", "20.第二十课 三只小猪称体重\20.第二十课 三只小猪称体重.vcxproj", "{E6CDF34C-4172-49D4-BF57-E3738CB50266}"
EndProject
Global
	GlobalSection(SolutionConfigurationPlatforms) = preSolution
		Debug|x64 = Debug|x64
		Debug|x86 = Debug|x86
		Release|x64 = Release|x64
		Release|x86 = Release|x86
	EndGlobalSection
	GlobalSection(ProjectConfigurationPlatforms) = postSolution
		{E6CDF34C-4172-49D4-BF57-E3738CB50266}.Debug|x64.ActiveCfg = Debug|x64
		{E6CDF34C-4172-49D4-BF57-E3738CB50266}.Debug|x64.Build.0 = Debug|x64
		{E6CDF34C-4172-49D4-BF57-E3738CB50266}.Debug|x86.ActiveCfg = Debug|Win32
		{E6CDF34C-4172-49D4-BF57-E3738CB50266}.Debug|x86.Build.0 = Debug|Win32
		{E6CDF34C-4172-49D4-BF57-E3738CB50266}.Release|x64.ActiveCfg = Release|x64
		{E6CDF34C-4172-49D4-BF57-E3738CB50266}.Release|x64.Build.0 = Release|x64
		{E6CDF34C-4172-49D4-BF57-E3738CB50266}.Release|x86.ActiveCfg = Release|Win32
		{E6CDF34C-4172-49D4-BF57-E3738CB50266}.Release|x86.Build.0 = Release|Win32
	EndGlobalSection
	GlobalSection(SolutionProperties) = preSolution
		HideSolutionNode = FALSE
	EndGlobalSection
	GlobalSection(ExtensibilityGlobals) = postSolution
		SolutionGuid = {E56066B0-EAF6-4AF3-BC21-4714ACD1FDFF}
	EndGlobalSection
EndGlobal
