
Microsoft Visual Studio Solution File, Format Version 12.00
# Visual Studio Version 17
VisualStudioVersion = 17.2.32526.322
MinimumVisualStudioVersion = 10.0.40219.1
Project("{8BC9CEB8-8B4A-11D0-8D11-00A0C91BC942}") = "21.第二十一课 三目运算符", "21.第二十一课 三目运算符\21.第二十一课 三目运算符.vcxproj", "{C713E148-DAE8-4179-B650-F90D7B6E3F63}"
EndProject
Global
	GlobalSection(SolutionConfigurationPlatforms) = preSolution
		Debug|x64 = Debug|x64
		Debug|x86 = Debug|x86
		Release|x64 = Release|x64
		Release|x86 = Release|x86
	EndGlobalSection
	GlobalSection(ProjectConfigurationPlatforms) = postSolution
		{C713E148-DAE8-4179-B650-F90D7B6E3F63}.Debug|x64.ActiveCfg = Debug|x64
		{C713E148-DAE8-4179-B650-F90D7B6E3F63}.Debug|x64.Build.0 = Debug|x64
		{C713E148-DAE8-4179-B650-F90D7B6E3F63}.Debug|x86.ActiveCfg = Debug|Win32
		{C713E148-DAE8-4179-B650-F90D7B6E3F63}.Debug|x86.Build.0 = Debug|Win32
		{C713E148-DAE8-4179-B650-F90D7B6E3F63}.Release|x64.ActiveCfg = Release|x64
		{C713E148-DAE8-4179-B650-F90D7B6E3F63}.Release|x64.Build.0 = Release|x64
		{C713E148-DAE8-4179-B650-F90D7B6E3F63}.Release|x86.ActiveCfg = Release|Win32
		{C713E148-DAE8-4179-B650-F90D7B6E3F63}.Release|x86.Build.0 = Release|Win32
	EndGlobalSection
	GlobalSection(SolutionProperties) = preSolution
		HideSolutionNode = FALSE
	EndGlobalSection
	GlobalSection(ExtensibilityGlobals) = postSolution
		SolutionGuid = {11009B83-48B3-471B-A849-912B374D3D61}
	EndGlobalSection
EndGlobal
